// !$*UTF8*$!
{
	archiveVersion = 1;
	classes = {
	};
	objectVersion = 56;
	objects = {

/* Begin PBXBuildFile section */
		A40E63662A80CA8200D9F520 /* main.c in Sources */ = {isa = PBXBuildFile; fileRef = A40E63652A80CA8200D9F520 /* main.c */; };
		A40E636E2A80CD0800D9F520 /* Parkingcontroll.c in Sources */ = {isa = PBXBuildFile; fileRef = A40E636D2A80CD0800D9F520 /* Parkingcontroll.c */; };
		A40E63702A80CD1D00D9F520 /* FileInOut.c in Sources */ = {isa = PBXBuildFile; fileRef = A40E636F2A80CD1D00D9F520 /* FileInOut.c */; };
		A40E63722A80CD5100D9F520 /* UI.c in Sources */ = {isa = PBXBuildFile; fileRef = A40E63712A80CD5100D9F520 /* UI.c */; };
/* End PBXBuildFile section */

/* Begin PBXCopyFilesBuildPhase section */
		A40E63602A80CA8200D9F520 /* CopyFiles */ = {
			isa = PBXCopyFilesBuildPhase;
			buildActionMask = 2147483647;
			dstPath = /usr/share/man/man1/;
			dstSubfolderSpec = 0;
			files = (
			);
			runOnlyForDeploymentPostprocessing = 1;
		};
/* End PBXCopyFilesBuildPhase section */

/* Begin PBXFileReference section */
		A40E63622A80CA8200D9F520 /* map structure test */ = {isa = PBXFileReference; explicitFileType = "compiled.mach-o.executable"; includeInIndex = 0; path = "map structure test"; sourceTree = BUILT_PRODUCTS_DIR; };
		A40E63652A80CA8200D9F520 /* main.c */ = {isa = PBXFileReference; lastKnownFileType = sourcecode.c.c; path = main.c; sourceTree = "<group>"; };
		A40E636C2A80CD0800D9F520 /* Parkingcontroll.h */ = {isa = PBXFileReference; lastKnownFileType = sourcecode.c.h; path = Parkingcontroll.h; sourceTree = "<group>"; };
		A40E636D2A80CD0800D9F520 /* Parkingcontroll.c */ = {isa = PBXFileReference; lastKnownFileType = sourcecode.c.c; path = Parkingcontroll.c; sourceTree = "<group>"; };
		A40E636F2A80CD1D00D9F520 /* FileInOut.c */ = {isa = PBXFileReference; lastKnownFileType = sourcecode.c.c; path = FileInOut.c; sourceTree = "<group>"; };
		A40E63712A80CD5100D9F520 /* UI.c */ = {isa = PBXFileReference; lastKnownFileType = sourcecode.c.c; path = UI.c; sourceTree = "<group>"; };
/* End PBXFileReference section */

/* Begin PBXFrameworksBuildPhase section */
		A40E635F2A80CA8200D9F520 /* Frameworks */ = {
			isa = PBXFrameworksBuildPhase;
			buildActionMask = 2147483647;
			files = (
			);
			runOnlyForDeploymentPostprocessing = 0;
		};
/* End PBXFrameworksBuildPhase section */

/* Begin PBXGroup section */
		A40E63592A80CA8200D9F520 = {
			isa = PBXGroup;
			children = (
				A40E63642A80CA8200D9F520 /* map structure test */,
				A40E63632A80CA8200D9F520 /* Products */,
			);
			sourceTree = "<group>";
		};
		A40E63632A80CA8200D9F520 /* Products */ = {
			isa = PBXGroup;
			children = (
				A40E63622A80CA8200D9F520 /* map structure test */,
			);
			name = Products;
			sourceTree = "<group>";
		};
		A40E63642A80CA8200D9F520 /* map structure test */ = {
			isa = PBXGroup;
			children = (
				A40E63652A80CA8200D9F520 /* main.c */,
				A40E636C2A80CD0800D9F520 /* Parkingcontroll.h */,
				A40E636D2A80CD0800D9F520 /* Parkingcontroll.c */,
				A40E636F2A80CD1D00D9F520 /* FileInOut.c */,
				A40E63712A80CD5100D9F520 /* UI.c */,
			);
			path = "map structure test";
			sourceTree = "<group>";
		};
/* End PBXGroup section */

/* Begin PBXNativeTarget section */
		A40E63612A80CA8200D9F520 /* map structure test */ = {
			isa = PBXNativeTarget;
			buildConfigurationList = A40E63692A80CA8200D9F520 /* Build configuration list for PBXNativeTarget "map structure test" */;
			buildPhases = (
				A40E635E2A80CA8200D9F520 /* Sources */,
				A40E635F2A80CA8200D9F520 /* Frameworks */,
				A40E63602A80CA8200D9F520 /* CopyFiles */,
			);
			buildRules = (
			);
			dependencies = (
			);
			name = "map structure test";
			productName = "map structure test";
			productReference = A40E63622A80CA8200D9F520 /* map structure test */;
			productType = "com.apple.product-type.tool";
		};
/* End PBXNativeTarget section */

/* Begin PBXProject section */
		A40E635A2A80CA8200D9F520 /* Project object */ = {
			isa = PBXProject;
			attributes = {
				BuildIndependentTargetsInParallel = 1;
				LastUpgradeCheck = 1430;
				TargetAttributes = {
					A40E63612A80CA8200D9F520 = {
						CreatedOnToolsVersion = 14.3;
					};
				};
			};
			buildConfigurationList = A40E635D2A80CA8200D9F520 /* Build configuration list for PBXProject "map structure test" */;
			compatibilityVersion = "Xcode 14.0";
			developmentRegion = en;
			hasScannedForEncodings = 0;
			knownRegions = (
				en,
				Base,
			);
			mainGroup = A40E63592A80CA8200D9F520;
			productRefGroup = A40E63632A80CA8200D9F520 /* Products */;
			projectDirPath = "";
			projectRoot = "";
			targets = (
				A40E63612A80CA8200D9F520 /* map structure test */,
			);
		};
/* End PBXProject section */

/* Begin PBXSourcesBuildPhase section */
		A40E635E2A80CA8200D9F520 /* Sources */ = {
			isa = PBXSourcesBuildPhase;
			buildActionMask = 2147483647;
			files = (
				A40E63702A80CD1D00D9F520 /* FileInOut.c in Sources */,
				A40E63662A80CA8200D9F520 /* main.c in Sources */,
				A40E636E2A80CD0800D9F520 /* Parkingcontroll.c in Sources */,
				A40E63722A80CD5100D9F520 /* UI.c in Sources */,
			);
			runOnlyForDeploymentPostprocessing = 0;
		};
/* End PBXSourcesBuildPhase section */

/* Begin XCBuildConfiguration section */
		A40E63672A80CA8200D9F520 /* Debug */ = {
			isa = XCBuildConfiguration;
			buildSettings = {
				ALWAYS_SEARCH_USER_PATHS = NO;
				CLANG_ANALYZER_NONNULL = YES;
				CLANG_ANALYZER_NUMBER_OBJECT_CONVERSION = YES_AGGRESSIVE;
				CLANG_CXX_LANGUAGE_STANDARD = "gnu++20";
				CLANG_ENABLE_MODULES = YES;
				CLANG_ENABLE_OBJC_ARC = YES;
				CLANG_ENABLE_OBJC_WEAK = YES;
				CLANG_WARN_BLOCK_CAPTURE_AUTORELEASING = YES;
				CLANG_WARN_BOOL_CONVERSION = YES;
				CLANG_WARN_COMMA = YES;
				CLANG_WARN_CONSTANT_CONVERSION = YES;
				CLANG_WARN_DEPRECATED_OBJC_IMPLEMENTATIONS = YES;
				CLANG_WARN_DIRECT_OBJC_ISA_USAGE = YES_ERROR;
				CLANG_WARN_DOCUMENTATION_COMMENTS = YES;
				CLANG_WARN_EMPTY_BODY = YES;
				CLANG_WARN_ENUM_CONVERSION = YES;
				CLANG_WARN_INFINITE_RECURSION = YES;
				CLANG_WARN_INT_CONVERSION = YES;
				CLANG_WARN_NON_LITERAL_NULL_CONVERSION = YES;
				CLANG_WARN_OBJC_IMPLICIT_RETAIN_SELF = YES;
				CLANG_WARN_OBJC_LITERAL_CONVERSION = YES;
				CLANG_WARN_OBJC_ROOT_CLASS = YES_ERROR;
				CLANG_WARN_QUOTED_INCLUDE_IN_FRAMEWORK_HEADER = YES;
				CLANG_WARN_RANGE_LOOP_ANALYSIS = YES;
				CLANG_WARN_STRICT_PROTOTYPES = YES;
				CLANG_WARN_SUSPICIOUS_MOVE = YES;
				CLANG_WARN_UNGUARDED_AVAILABILITY = YES_AGGRESSIVE;
				CLANG_WARN_UNREACHABLE_CODE = YES;
				CLANG_WARN__DUPLICATE_METHOD_MATCH = YES;
				COPY_PHASE_STRIP = NO;
				DEBUG_INFORMATION_FORMAT = dwarf;
				ENABLE_STRICT_OBJC_MSGSEND = YES;
				ENABLE_TESTABILITY = YES;
				GCC_C_LANGUAGE_STANDARD = gnu11;
				GCC_DYNAMIC_NO_PIC = NO;
				GCC_NO_COMMON_BLOCKS = YES;
				GCC_OPTIMIZATION_LEVEL = 0;
				GCC_PREPROCESSOR_DEFINITIONS = (
					"DEBUG=1",
					"$(inherited)",
				);
				GCC_WARN_64_TO_32_BIT_CONVERSION = YES;
				GCC_WARN_ABOUT_RETURN_TYPE = YES_ERROR;
				GCC_WARN_UNDECLARED_SELECTOR = YES;
				GCC_WARN_UNINITIALIZED_AUTOS = YES_AGGRESSIVE;
				GCC_WARN_UNUSED_FUNCTION = YES;
				GCC_WARN_UNUSED_VARIABLE = YES;
				MACOSX_DEPLOYMENT_TARGET = 13.2;
				MTL_ENABLE_DEBUG_INFO = INCLUDE_SOURCE;
				MTL_FAST_MATH = YES;
				ONLY_ACTIVE_ARCH = YES;
				SDKROOT = macosx;
			};
			name = Debug;
		};
		A40E63682A80CA8200D9F520 /* Release */ = {
			isa = XCBuildConfiguration;
			buildSettings = {
				ALWAYS_SEARCH_USER_PATHS = NO;
				CLANG_ANALYZER_NONNULL = YES;
				CLANG_ANALYZER_NUMBER_OBJECT_CONVERSION = YES_AGGRESSIVE;
				CLANG_CXX_LANGUAGE_STANDARD = "gnu++20";
				CLANG_ENABLE_MODULES = YES;
				CLANG_ENABLE_OBJC_ARC = YES;
				CLANG_ENABLE_OBJC_WEAK = YES;
				CLANG_WARN_BLOCK_CAPTURE_AUTORELEASING = YES;
				CLANG_WARN_BOOL_CONVERSION = YES;
				CLANG_WARN_COMMA = YES;
				CLANG_WARN_CONSTANT_CONVERSION = YES;
				CLANG_WARN_DEPRECATED_OBJC_IMPLEMENTATIONS = YES;
				CLANG_WARN_DIRECT_OBJC_ISA_USAGE = YES_ERROR;
				CLANG_WARN_DOCUMENTATION_COMMENTS = YES;
				CLANG_WARN_EMPTY_BODY = YES;
				CLANG_WARN_ENUM_CONVERSION = YES;
				CLANG_WARN_INFINITE_RECURSION = YES;
				CLANG_WARN_INT_CONVERSION = YES;
				CLANG_WARN_NON_LITERAL_NULL_CONVERSION = YES;
				CLANG_WARN_OBJC_IMPLICIT_RETAIN_SELF = YES;
				CLANG_WARN_OBJC_LITERAL_CONVERSION = YES;
				CLANG_WARN_OBJC_ROOT_CLASS = YES_ERROR;
				CLANG_WARN_QUOTED_INCLUDE_IN_FRAMEWORK_HEADER = YES;
				CLANG_WARN_RANGE_LOOP_ANALYSIS = YES;
				CLANG_WARN_STRICT_PROTOTYPES = YES;
				CLANG_WARN_SUSPICIOUS_MOVE = YES;
				CLANG_WARN_UNGUARDED_AVAILABILITY = YES_AGGRESSIVE;
				CLANG_WARN_UNREACHABLE_CODE = YES;
				CLANG_WARN__DUPLICATE_METHOD_MATCH = YES;
				COPY_PHASE_STRIP = NO;
				DEBUG_INFORMATION_FORMAT = "dwarf-with-dsym";
				ENABLE_NS_ASSERTIONS = NO;
				ENABLE_STRICT_OBJC_MSGSEND = YES;
				GCC_C_LANGUAGE_STANDARD = gnu11;
				GCC_NO_COMMON_BLOCKS = YES;
				GCC_WARN_64_TO_32_BIT_CONVERSION = YES;
				GCC_WARN_ABOUT_RETURN_TYPE = YES_ERROR;
				GCC_WARN_UNDECLARED_SELECTOR = YES;
				GCC_WARN_UNINITIALIZED_AUTOS = YES_AGGRESSIVE;
				GCC_WARN_UNUSED_FUNCTION = YES;
				GCC_WARN_UNUSED_VARIABLE = YES;
				MACOSX_DEPLOYMENT_TARGET = 13.2;
				MTL_ENABLE_DEBUG_INFO = NO;
				MTL_FAST_MATH = YES;
				SDKROOT = macosx;
			};
			name = Release;
		};
		A40E636A2A80CA8200D9F520 /* Debug */ = {
			isa = XCBuildConfiguration;
			buildSettings = {
				CODE_SIGN_STYLE = Automatic;
				PRODUCT_NAME = "$(TARGET_NAME)";
			};
			name = Debug;
		};
		A40E636B2A80CA8200D9F520 /* Release */ = {
			isa = XCBuildConfiguration;
			buildSettings = {
				CODE_SIGN_STYLE = Automatic;
				PRODUCT_NAME = "$(TARGET_NAME)";
			};
			name = Release;
		};
/* End XCBuildConfiguration section */

/* Begin XCConfigurationList section */
		A40E635D2A80CA8200D9F520 /* Build configuration list for PBXProject "map structure test" */ = {
			isa = XCConfigurationList;
			buildConfigurations = (
				A40E63672A80CA8200D9F520 /* Debug */,
				A40E63682A80CA8200D9F520 /* Release */,
			);
			defaultConfigurationIsVisible = 0;
			defaultConfigurationName = Release;
		};
		A40E63692A80CA8200D9F520 /* Build configuration list for PBXNativeTarget "map structure test" */ = {
			isa = XCConfigurationList;
			buildConfigurations = (
				A40E636A2A80CA8200D9F520 /* Debug */,
				A40E636B2A80CA8200D9F520 /* Release */,
			);
			defaultConfigurationIsVisible = 0;
			defaultConfigurationName = Release;
		};
/* End XCConfigurationList section */
	};
	rootObject = A40E635A2A80CA8200D9F520 /* Project object */;
}
